<?xml version="1.0" encoding="utf-8"?>
<Project ToolsVersion="4.0" xmlns="http://schemas.microsoft.com/developer/msbuild/2003">
  <ItemGroup>
    <Filter Include="Source Files">
      <UniqueIdentifier>{29785fc9-7724-4062-bf44-f7e3f5f16dab}</UniqueIdentifier>
      <Extensions>cpp</Extensions>
    </Filter>
    <Filter Include="Header Files">
      <UniqueIdentifier>{d0681471-099c-4a4f-a89f-e1cb4fa077ee}</UniqueIdentifier>
      <Extensions>h</Extensions>
    </Filter>
    <Filter Include="Miscellaneous Files">
      <UniqueIdentifier>{ebefc0cd-49cc-4c76-8462-638aa8f63ec9}</UniqueIdentifier>
      <Extensions>txt</Extensions>
    </Filter>
  </ItemGroup>
  <ItemGroup>
    <Text Include="ReadMe.txt">
      <Filter>Miscellaneous Files</Filter>
    </Text>
    <Text Include="Options.txt">
      <Filter>Miscellaneous Files</Filter>
    </Text>
  </ItemGroup>
  <ItemGroup>
    <ClCompile Include="GetPointsAtUVCmd.cpp">
      <Filter>Source Files</Filter>
    </ClCompile>
  </ItemGroup>
</Project>