<?xml version="1.0" encoding="utf-8"?>
<Project ToolsVersion="4.0" xmlns="http://schemas.microsoft.com/developer/msbuild/2003">
  <ItemGroup>
    <Filter Include="Source Files">
      <UniqueIdentifier>{9b1623a6-2811-4cf5-a2d5-6d5f16f13ca0}</UniqueIdentifier>
      <Extensions>cpp</Extensions>
    </Filter>
    <Filter Include="Header Files">
      <UniqueIdentifier>{245f01b7-a254-4e19-af60-ab4bdd6aaf78}</UniqueIdentifier>
      <Extensions>h</Extensions>
    </Filter>
    <Filter Include="Miscellaneous Files">
      <UniqueIdentifier>{5e74c762-d574-4309-96cd-5f0d660391b7}</UniqueIdentifier>
      <Extensions>txt</Extensions>
    </Filter>
  </ItemGroup>
  <ItemGroup>
    <Text Include="ReadMe.txt">
      <Filter>Miscellaneous Files</Filter>
    </Text>
    <Text Include="Options.txt">
      <Filter>Miscellaneous Files</Filter>
    </Text>
  </ItemGroup>
  <ItemGroup>
    <ClInclude Include="TranslateDynamicShapeCmd.h">
      <Filter>Header Files</Filter>
    </ClInclude>
  </ItemGroup>
  <ItemGroup>
    <ClCompile Include="TranslateDynamicShapeCmd.cpp">
      <Filter>Source Files</Filter>
    </ClCompile>
    <ClCompile Include="pluginMain.cpp">
      <Filter>Source Files</Filter>
    </ClCompile>
  </ItemGroup>
</Project>